// !$*UTF8*$!
{
	archiveVersion = 1;
	classes = {
	};
	objectVersion = 50;
	objects = {

/* Begin PBXBuildFile section */
		EF1C6E002572242800A85236 /* ContentViewRoku.swift in Sources */ = {isa = PBXBuildFile; fileRef = EF1C6DFF2572242800A85236 /* ContentViewRoku.swift */; };
		EF1C6E11257225E800A85236 /* ContentViewHome.swift in Sources */ = {isa = PBXBuildFile; fileRef = EF1C6E0C257225E800A85236 /* ContentViewHome.swift */; };
		EF1C6E192572271C00A85236 /* NetworkManager.swift in Sources */ = {isa = PBXBuildFile; fileRef = EF1C6E182572271C00A85236 /* NetworkManager.swift */; };
		EF28950024B426C2005E0CB8 /* AppDelegate.swift in Sources */ = {isa = PBXBuildFile; fileRef = EF2894FF24B426C2005E0CB8 /* AppDelegate.swift */; };
		EF3069D424B41D2600F3C7E7 /* SceneDelegate.swift in Sources */ = {isa = PBXBuildFile; fileRef = EF3069D324B41D2600F3C7E7 /* SceneDelegate.swift */; };
		EF3069D824B41D2700F3C7E7 /* Assets.xcassets in Resources */ = {isa = PBXBuildFile; fileRef = EF3069D724B41D2700F3C7E7 /* Assets.xcassets */; };
		EF3069DB24B41D2700F3C7E7 /* Preview Assets.xcassets in Resources */ = {isa = PBXBuildFile; fileRef = EF3069DA24B41D2700F3C7E7 /* Preview Assets.xcassets */; };
		EF3069DE24B41D2700F3C7E7 /* LaunchScreen.storyboard in Resources */ = {isa = PBXBuildFile; fileRef = EF3069DC24B41D2700F3C7E7 /* LaunchScreen.storyboard */; };
		EF3069E924B41D2700F3C7E7 /* MyMobileRemoteTests.swift in Sources */ = {isa = PBXBuildFile; fileRef = EF3069E824B41D2700F3C7E7 /* MyMobileRemoteTests.swift */; };
		EF3069F424B41D2800F3C7E7 /* MyMobileRemoteUITests.swift in Sources */ = {isa = PBXBuildFile; fileRef = EF3069F324B41D2800F3C7E7 /* MyMobileRemoteUITests.swift */; };
		EF306A0424B41D3D00F3C7E7 /* settings.json in Resources */ = {isa = PBXBuildFile; fileRef = EF306A0224B41D3D00F3C7E7 /* settings.json */; };
		EF306A0524B41D3D00F3C7E7 /* Settings.swift in Sources */ = {isa = PBXBuildFile; fileRef = EF306A0324B41D3D00F3C7E7 /* Settings.swift */; };
		EF306A0D24B41D4B00F3C7E7 /* RemoteButton.swift in Sources */ = {isa = PBXBuildFile; fileRef = EF306A0724B41D4B00F3C7E7 /* RemoteButton.swift */; };
		EF306A0E24B41D4B00F3C7E7 /* Constants.swift in Sources */ = {isa = PBXBuildFile; fileRef = EF306A0924B41D4B00F3C7E7 /* Constants.swift */; };
		EF306A0F24B41D4B00F3C7E7 /* Buttons.swift in Sources */ = {isa = PBXBuildFile; fileRef = EF306A0A24B41D4B00F3C7E7 /* Buttons.swift */; };
		EF306A1124B41D4B00F3C7E7 /* RemoteTypes.swift in Sources */ = {isa = PBXBuildFile; fileRef = EF306A0C24B41D4B00F3C7E7 /* RemoteTypes.swift */; };
		EF306A1C24B41DCE00F3C7E7 /* ContentViewMain.swift in Sources */ = {isa = PBXBuildFile; fileRef = EF306A1324B41DCE00F3C7E7 /* ContentViewMain.swift */; };
		EF306A2124B41DCE00F3C7E7 /* ContentViewRokuButtons.swift in Sources */ = {isa = PBXBuildFile; fileRef = EF306A1924B41DCE00F3C7E7 /* ContentViewRokuButtons.swift */; };
		EF306A2224B41DCE00F3C7E7 /* ContentViewSettings.swift in Sources */ = {isa = PBXBuildFile; fileRef = EF306A1A24B41DCE00F3C7E7 /* ContentViewSettings.swift */; };
		EF7D2CE3252C1C7900E56AB2 /* CompGroupedView.swift in Sources */ = {isa = PBXBuildFile; fileRef = EF7D2CDD252C1C7900E56AB2 /* CompGroupedView.swift */; };
		EF7D2CE4252C1C7900E56AB2 /* CompArrows.swift in Sources */ = {isa = PBXBuildFile; fileRef = EF7D2CDE252C1C7900E56AB2 /* CompArrows.swift */; };
		EF7D2CE5252C1C7900E56AB2 /* CompRokuDevices.swift in Sources */ = {isa = PBXBuildFile; fileRef = EF7D2CDF252C1C7900E56AB2 /* CompRokuDevices.swift */; };
		EF7D2CE7252C1C7900E56AB2 /* CompStatus.swift in Sources */ = {isa = PBXBuildFile; fileRef = EF7D2CE1252C1C7900E56AB2 /* CompStatus.swift */; };
		EF7D2CE8252C1C7900E56AB2 /* CompTop.swift in Sources */ = {isa = PBXBuildFile; fileRef = EF7D2CE2252C1C7900E56AB2 /* CompTop.swift */; };
		EF7D2CED252C1CAF00E56AB2 /* RokuApp.swift in Sources */ = {isa = PBXBuildFile; fileRef = EF7D2CEC252C1CAF00E56AB2 /* RokuApp.swift */; };
		EF7D2CF8252C2D8900E56AB2 /* CompKeyboardPanel.swift in Sources */ = {isa = PBXBuildFile; fileRef = EF7D2CF7252C2D8900E56AB2 /* CompKeyboardPanel.swift */; };
		EFDB39A025775D5B005DB39A /* CompCoffee.swift in Sources */ = {isa = PBXBuildFile; fileRef = EFDB399F25775D5B005DB39A /* CompCoffee.swift */; };
		EFE67CB7257238340016EF74 /* CompRemotePicker.swift in Sources */ = {isa = PBXBuildFile; fileRef = EFE67CB6257238340016EF74 /* CompRemotePicker.swift */; };
/* End PBXBuildFile section */

/* Begin PBXContainerItemProxy section */
		EF3069E524B41D2700F3C7E7 /* PBXContainerItemProxy */ = {
			isa = PBXContainerItemProxy;
			containerPortal = EF3069C624B41D2600F3C7E7 /* Project object */;
			proxyType = 1;
			remoteGlobalIDString = EF3069CD24B41D2600F3C7E7;
			remoteInfo = MyMobileRemote;
		};
		EF3069F024B41D2800F3C7E7 /* PBXContainerItemProxy */ = {
			isa = PBXContainerItemProxy;
			containerPortal = EF3069C624B41D2600F3C7E7 /* Project object */;
			proxyType = 1;
			remoteGlobalIDString = EF3069CD24B41D2600F3C7E7;
			remoteInfo = MyMobileRemote;
		};
/* End PBXContainerItemProxy section */

/* Begin PBXCopyFilesBuildPhase section */
		EFB84AB6254608AE005B2C3A /* Embed App Extensions */ = {
			isa = PBXCopyFilesBuildPhase;
			buildActionMask = 2147483647;
			dstPath = "";
			dstSubfolderSpec = 13;
			files = (
			);
			name = "Embed App Extensions";
			runOnlyForDeploymentPostprocessing = 0;
		};
		EFB84AE1254610D4005B2C3A /* Embed Frameworks */ = {
			isa = PBXCopyFilesBuildPhase;
			buildActionMask = 2147483647;
			dstPath = "";
			dstSubfolderSpec = 10;
			files = (
			);
			name = "Embed Frameworks";
			runOnlyForDeploymentPostprocessing = 0;
		};
/* End PBXCopyFilesBuildPhase section */

/* Begin PBXFileReference section */
		EF1C6DFF2572242800A85236 /* ContentViewRoku.swift */ = {isa = PBXFileReference; lastKnownFileType = sourcecode.swift; path = ContentViewRoku.swift; sourceTree = "<group>"; };
		EF1C6E0C257225E800A85236 /* ContentViewHome.swift */ = {isa = PBXFileReference; fileEncoding = 4; lastKnownFileType = sourcecode.swift; path = ContentViewHome.swift; sourceTree = "<group>"; };
		EF1C6E182572271C00A85236 /* NetworkManager.swift */ = {isa = PBXFileReference; fileEncoding = 4; lastKnownFileType = sourcecode.swift; path = NetworkManager.swift; sourceTree = "<group>"; };
		EF2894FF24B426C2005E0CB8 /* AppDelegate.swift */ = {isa = PBXFileReference; fileEncoding = 4; lastKnownFileType = sourcecode.swift; path = AppDelegate.swift; sourceTree = "<group>"; };
		EF3069CE24B41D2600F3C7E7 /* MyMobileRemote.app */ = {isa = PBXFileReference; explicitFileType = wrapper.application; includeInIndex = 0; path = MyMobileRemote.app; sourceTree = BUILT_PRODUCTS_DIR; };
		EF3069D324B41D2600F3C7E7 /* SceneDelegate.swift */ = {isa = PBXFileReference; lastKnownFileType = sourcecode.swift; path = SceneDelegate.swift; sourceTree = "<group>"; };
		EF3069D724B41D2700F3C7E7 /* Assets.xcassets */ = {isa = PBXFileReference; lastKnownFileType = folder.assetcatalog; path = Assets.xcassets; sourceTree = "<group>"; };
		EF3069DA24B41D2700F3C7E7 /* Preview Assets.xcassets */ = {isa = PBXFileReference; lastKnownFileType = folder.assetcatalog; path = "Preview Assets.xcassets"; sourceTree = "<group>"; };
		EF3069DD24B41D2700F3C7E7 /* Base */ = {isa = PBXFileReference; lastKnownFileType = file.storyboard; name = Base; path = Base.lproj/LaunchScreen.storyboard; sourceTree = "<group>"; };
		EF3069DF24B41D2700F3C7E7 /* Info.plist */ = {isa = PBXFileReference; lastKnownFileType = text.plist.xml; path = Info.plist; sourceTree = "<group>"; };
		EF3069E424B41D2700F3C7E7 /* MyMobileRemoteTests.xctest */ = {isa = PBXFileReference; explicitFileType = wrapper.cfbundle; includeInIndex = 0; path = MyMobileRemoteTests.xctest; sourceTree = BUILT_PRODUCTS_DIR; };
		EF3069E824B41D2700F3C7E7 /* MyMobileRemoteTests.swift */ = {isa = PBXFileReference; lastKnownFileType = sourcecode.swift; path = MyMobileRemoteTests.swift; sourceTree = "<group>"; };
		EF3069EA24B41D2700F3C7E7 /* Info.plist */ = {isa = PBXFileReference; lastKnownFileType = text.plist.xml; path = Info.plist; sourceTree = "<group>"; };
		EF3069EF24B41D2800F3C7E7 /* MyMobileRemoteUITests.xctest */ = {isa = PBXFileReference; explicitFileType = wrapper.cfbundle; includeInIndex = 0; path = MyMobileRemoteUITests.xctest; sourceTree = BUILT_PRODUCTS_DIR; };
		EF3069F324B41D2800F3C7E7 /* MyMobileRemoteUITests.swift */ = {isa = PBXFileReference; lastKnownFileType = sourcecode.swift; path = MyMobileRemoteUITests.swift; sourceTree = "<group>"; };
		EF3069F524B41D2800F3C7E7 /* Info.plist */ = {isa = PBXFileReference; lastKnownFileType = text.plist.xml; path = Info.plist; sourceTree = "<group>"; };
		EF306A0224B41D3D00F3C7E7 /* settings.json */ = {isa = PBXFileReference; fileEncoding = 4; lastKnownFileType = text.json; path = settings.json; sourceTree = "<group>"; };
		EF306A0324B41D3D00F3C7E7 /* Settings.swift */ = {isa = PBXFileReference; fileEncoding = 4; lastKnownFileType = sourcecode.swift; path = Settings.swift; sourceTree = "<group>"; };
		EF306A0724B41D4B00F3C7E7 /* RemoteButton.swift */ = {isa = PBXFileReference; fileEncoding = 4; lastKnownFileType = sourcecode.swift; path = RemoteButton.swift; sourceTree = "<group>"; };
		EF306A0924B41D4B00F3C7E7 /* Constants.swift */ = {isa = PBXFileReference; fileEncoding = 4; lastKnownFileType = sourcecode.swift; path = Constants.swift; sourceTree = "<group>"; };
		EF306A0A24B41D4B00F3C7E7 /* Buttons.swift */ = {isa = PBXFileReference; fileEncoding = 4; lastKnownFileType = sourcecode.swift; path = Buttons.swift; sourceTree = "<group>"; };
		EF306A0C24B41D4B00F3C7E7 /* RemoteTypes.swift */ = {isa = PBXFileReference; fileEncoding = 4; lastKnownFileType = sourcecode.swift; path = RemoteTypes.swift; sourceTree = "<group>"; };
		EF306A1324B41DCE00F3C7E7 /* ContentViewMain.swift */ = {isa = PBXFileReference; fileEncoding = 4; lastKnownFileType = sourcecode.swift; path = ContentViewMain.swift; sourceTree = "<group>"; };
		EF306A1924B41DCE00F3C7E7 /* ContentViewRokuButtons.swift */ = {isa = PBXFileReference; fileEncoding = 4; lastKnownFileType = sourcecode.swift; path = ContentViewRokuButtons.swift; sourceTree = "<group>"; };
		EF306A1A24B41DCE00F3C7E7 /* ContentViewSettings.swift */ = {isa = PBXFileReference; fileEncoding = 4; lastKnownFileType = sourcecode.swift; path = ContentViewSettings.swift; sourceTree = "<group>"; };
		EF7D2CDD252C1C7900E56AB2 /* CompGroupedView.swift */ = {isa = PBXFileReference; fileEncoding = 4; lastKnownFileType = sourcecode.swift; path = CompGroupedView.swift; sourceTree = "<group>"; };
		EF7D2CDE252C1C7900E56AB2 /* CompArrows.swift */ = {isa = PBXFileReference; fileEncoding = 4; lastKnownFileType = sourcecode.swift; path = CompArrows.swift; sourceTree = "<group>"; };
		EF7D2CDF252C1C7900E56AB2 /* CompRokuDevices.swift */ = {isa = PBXFileReference; fileEncoding = 4; lastKnownFileType = sourcecode.swift; path = CompRokuDevices.swift; sourceTree = "<group>"; };
		EF7D2CE1252C1C7900E56AB2 /* CompStatus.swift */ = {isa = PBXFileReference; fileEncoding = 4; lastKnownFileType = sourcecode.swift; path = CompStatus.swift; sourceTree = "<group>"; };
		EF7D2CE2252C1C7900E56AB2 /* CompTop.swift */ = {isa = PBXFileReference; fileEncoding = 4; lastKnownFileType = sourcecode.swift; path = CompTop.swift; sourceTree = "<group>"; };
		EF7D2CEC252C1CAF00E56AB2 /* RokuApp.swift */ = {isa = PBXFileReference; fileEncoding = 4; lastKnownFileType = sourcecode.swift; path = RokuApp.swift; sourceTree = "<group>"; };
		EF7D2CF7252C2D8900E56AB2 /* CompKeyboardPanel.swift */ = {isa = PBXFileReference; lastKnownFileType = sourcecode.swift; path = CompKeyboardPanel.swift; sourceTree = "<group>"; };
		EFB84AA6254608AE005B2C3A /* WidgetKit.framework */ = {isa = PBXFileReference; lastKnownFileType = wrapper.framework; name = WidgetKit.framework; path = System/Library/Frameworks/WidgetKit.framework; sourceTree = SDKROOT; };
		EFB84AA8254608AE005B2C3A /* SwiftUI.framework */ = {isa = PBXFileReference; lastKnownFileType = wrapper.framework; name = SwiftUI.framework; path = System/Library/Frameworks/SwiftUI.framework; sourceTree = SDKROOT; };
		EFC95CEB26103E4800F9FD68 /* UserNotifications.framework */ = {isa = PBXFileReference; lastKnownFileType = wrapper.framework; name = UserNotifications.framework; path = System/Library/Frameworks/UserNotifications.framework; sourceTree = SDKROOT; };
		EFDB399F25775D5B005DB39A /* CompCoffee.swift */ = {isa = PBXFileReference; lastKnownFileType = sourcecode.swift; path = CompCoffee.swift; sourceTree = "<group>"; };
		EFE67CB6257238340016EF74 /* CompRemotePicker.swift */ = {isa = PBXFileReference; fileEncoding = 4; lastKnownFileType = sourcecode.swift; path = CompRemotePicker.swift; sourceTree = "<group>"; };
/* End PBXFileReference section */

/* Begin PBXFrameworksBuildPhase section */
		EF3069CB24B41D2600F3C7E7 /* Frameworks */ = {
			isa = PBXFrameworksBuildPhase;
			buildActionMask = 2147483647;
			files = (
			);
			runOnlyForDeploymentPostprocessing = 0;
		};
		EF3069E124B41D2700F3C7E7 /* Frameworks */ = {
			isa = PBXFrameworksBuildPhase;
			buildActionMask = 2147483647;
			files = (
			);
			runOnlyForDeploymentPostprocessing = 0;
		};
		EF3069EC24B41D2800F3C7E7 /* Frameworks */ = {
			isa = PBXFrameworksBuildPhase;
			buildActionMask = 2147483647;
			files = (
			);
			runOnlyForDeploymentPostprocessing = 0;
		};
/* End PBXFrameworksBuildPhase section */

/* Begin PBXGroup section */
		EF1C6DF92571E54400A85236 /* roku */ = {
			isa = PBXGroup;
			children = (
				EF7D2CEC252C1CAF00E56AB2 /* RokuApp.swift */,
				EF1C6DFA2571E57D00A85236 /* ui */,
			);
			path = roku;
			sourceTree = "<group>";
		};
		EF1C6DFA2571E57D00A85236 /* ui */ = {
			isa = PBXGroup;
			children = (
				EF306A0A24B41D4B00F3C7E7 /* Buttons.swift */,
				EF1C6E052572242C00A85236 /* components */,
				EF306A1924B41DCE00F3C7E7 /* ContentViewRokuButtons.swift */,
				EF1C6DFF2572242800A85236 /* ContentViewRoku.swift */,
			);
			path = ui;
			sourceTree = "<group>";
		};
		EF1C6E052572242C00A85236 /* components */ = {
			isa = PBXGroup;
			children = (
				EF7D2CDE252C1C7900E56AB2 /* CompArrows.swift */,
				EF7D2CDD252C1C7900E56AB2 /* CompGroupedView.swift */,
				EF7D2CE2252C1C7900E56AB2 /* CompTop.swift */,
				EF7D2CDF252C1C7900E56AB2 /* CompRokuDevices.swift */,
			);
			path = components;
			sourceTree = "<group>";
		};
		EF1C6E0A257225E800A85236 /* home */ = {
			isa = PBXGroup;
			children = (
				EF1C6E0B257225E800A85236 /* ui */,
			);
			path = home;
			sourceTree = "<group>";
		};
		EF1C6E0B257225E800A85236 /* ui */ = {
			isa = PBXGroup;
			children = (
				EFDB39A525775DE6005DB39A /* components */,
				EF1C6E0C257225E800A85236 /* ContentViewHome.swift */,
			);
			path = ui;
			sourceTree = "<group>";
		};
		EF1C6E262572290900A85236 /* objects */ = {
			isa = PBXGroup;
			children = (
				EF306A0724B41D4B00F3C7E7 /* RemoteButton.swift */,
				EF1C6E182572271C00A85236 /* NetworkManager.swift */,
				EF306A0C24B41D4B00F3C7E7 /* RemoteTypes.swift */,
			);
			path = objects;
			sourceTree = "<group>";
		};
		EF3069C524B41D2600F3C7E7 = {
			isa = PBXGroup;
			children = (
				EF3069D024B41D2600F3C7E7 /* MyMobileRemote */,
				EF3069E724B41D2700F3C7E7 /* MyMobileRemoteTests */,
				EF3069F224B41D2800F3C7E7 /* MyMobileRemoteUITests */,
				EFB84AA5254608AE005B2C3A /* Frameworks */,
				EF3069CF24B41D2600F3C7E7 /* Products */,
			);
			sourceTree = "<group>";
		};
		EF3069CF24B41D2600F3C7E7 /* Products */ = {
			isa = PBXGroup;
			children = (
				EF3069CE24B41D2600F3C7E7 /* MyMobileRemote.app */,
				EF3069E424B41D2700F3C7E7 /* MyMobileRemoteTests.xctest */,
				EF3069EF24B41D2800F3C7E7 /* MyMobileRemoteUITests.xctest */,
			);
			name = Products;
			sourceTree = "<group>";
		};
		EF3069D024B41D2600F3C7E7 /* MyMobileRemote */ = {
			isa = PBXGroup;
			children = (
				EF1C6E0A257225E800A85236 /* home */,
				EF1C6DF92571E54400A85236 /* roku */,
				EF306A0624B41D4B00F3C7E7 /* core */,
				EF306A0124B41D3D00F3C7E7 /* settings */,
				EF3069D724B41D2700F3C7E7 /* Assets.xcassets */,
				EF3069DC24B41D2700F3C7E7 /* LaunchScreen.storyboard */,
				EF3069DF24B41D2700F3C7E7 /* Info.plist */,
				EF3069D924B41D2700F3C7E7 /* Preview Content */,
			);
			path = MyMobileRemote;
			sourceTree = "<group>";
		};
		EF3069D924B41D2700F3C7E7 /* Preview Content */ = {
			isa = PBXGroup;
			children = (
				EF3069DA24B41D2700F3C7E7 /* Preview Assets.xcassets */,
			);
			path = "Preview Content";
			sourceTree = "<group>";
		};
		EF3069E724B41D2700F3C7E7 /* MyMobileRemoteTests */ = {
			isa = PBXGroup;
			children = (
				EF3069E824B41D2700F3C7E7 /* MyMobileRemoteTests.swift */,
				EF3069EA24B41D2700F3C7E7 /* Info.plist */,
			);
			path = MyMobileRemoteTests;
			sourceTree = "<group>";
		};
		EF3069F224B41D2800F3C7E7 /* MyMobileRemoteUITests */ = {
			isa = PBXGroup;
			children = (
				EF3069F324B41D2800F3C7E7 /* MyMobileRemoteUITests.swift */,
				EF3069F524B41D2800F3C7E7 /* Info.plist */,
			);
			path = MyMobileRemoteUITests;
			sourceTree = "<group>";
		};
		EF306A0124B41D3D00F3C7E7 /* settings */ = {
			isa = PBXGroup;
			children = (
				EF306A0224B41D3D00F3C7E7 /* settings.json */,
				EF306A0324B41D3D00F3C7E7 /* Settings.swift */,
			);
			path = settings;
			sourceTree = "<group>";
		};
		EF306A0624B41D4B00F3C7E7 /* core */ = {
			isa = PBXGroup;
			children = (
				EF1C6E262572290900A85236 /* objects */,
				EF306A1224B41DCE00F3C7E7 /* ui */,
				EF2894FF24B426C2005E0CB8 /* AppDelegate.swift */,
				EF3069D324B41D2600F3C7E7 /* SceneDelegate.swift */,
				EF306A0824B41D4B00F3C7E7 /* constants */,
			);
			path = core;
			sourceTree = "<group>";
		};
		EF306A0824B41D4B00F3C7E7 /* constants */ = {
			isa = PBXGroup;
			children = (
				EF306A0924B41D4B00F3C7E7 /* Constants.swift */,
			);
			path = constants;
			sourceTree = "<group>";
		};
		EF306A1224B41DCE00F3C7E7 /* ui */ = {
			isa = PBXGroup;
			children = (
				EF306A1524B41DCE00F3C7E7 /* components */,
				EF306A1324B41DCE00F3C7E7 /* ContentViewMain.swift */,
				EF306A1A24B41DCE00F3C7E7 /* ContentViewSettings.swift */,
			);
			path = ui;
			sourceTree = "<group>";
		};
		EF306A1524B41DCE00F3C7E7 /* components */ = {
			isa = PBXGroup;
			children = (
				EF7D2CE1252C1C7900E56AB2 /* CompStatus.swift */,
				EF7D2CF7252C2D8900E56AB2 /* CompKeyboardPanel.swift */,
				EFE67CB6257238340016EF74 /* CompRemotePicker.swift */,
			);
			path = components;
			sourceTree = "<group>";
		};
		EFB84AA5254608AE005B2C3A /* Frameworks */ = {
			isa = PBXGroup;
			children = (
				EFC95CEB26103E4800F9FD68 /* UserNotifications.framework */,
				EFB84AA6254608AE005B2C3A /* WidgetKit.framework */,
				EFB84AA8254608AE005B2C3A /* SwiftUI.framework */,
			);
			name = Frameworks;
			sourceTree = "<group>";
		};
		EFDB39A525775DE6005DB39A /* components */ = {
			isa = PBXGroup;
			children = (
				EFDB399F25775D5B005DB39A /* CompCoffee.swift */,
			);
			path = components;
			sourceTree = "<group>";
		};
/* End PBXGroup section */

/* Begin PBXNativeTarget section */
		EF3069CD24B41D2600F3C7E7 /* MyMobileRemote */ = {
			isa = PBXNativeTarget;
			buildConfigurationList = EF3069F824B41D2800F3C7E7 /* Build configuration list for PBXNativeTarget "MyMobileRemote" */;
			buildPhases = (
				EF3069CA24B41D2600F3C7E7 /* Sources */,
				EF3069CB24B41D2600F3C7E7 /* Frameworks */,
				EF3069CC24B41D2600F3C7E7 /* Resources */,
				EFB84AB6254608AE005B2C3A /* Embed App Extensions */,
				EFB84AE1254610D4005B2C3A /* Embed Frameworks */,
			);
			buildRules = (
			);
			dependencies = (
			);
			name = MyMobileRemote;
			productName = MyMobileRemote;
			productReference = EF3069CE24B41D2600F3C7E7 /* MyMobileRemote.app */;
			productType = "com.apple.product-type.application";
		};
		EF3069E324B41D2700F3C7E7 /* MyMobileRemoteTests */ = {
			isa = PBXNativeTarget;
			buildConfigurationList = EF3069FB24B41D2800F3C7E7 /* Build configuration list for PBXNativeTarget "MyMobileRemoteTests" */;
			buildPhases = (
				EF3069E024B41D2700F3C7E7 /* Sources */,
				EF3069E124B41D2700F3C7E7 /* Frameworks */,
				EF3069E224B41D2700F3C7E7 /* Resources */,
			);
			buildRules = (
			);
			dependencies = (
				EF3069E624B41D2700F3C7E7 /* PBXTargetDependency */,
			);
			name = MyMobileRemoteTests;
			productName = MyMobileRemoteTests;
			productReference = EF3069E424B41D2700F3C7E7 /* MyMobileRemoteTests.xctest */;
			productType = "com.apple.product-type.bundle.unit-test";
		};
		EF3069EE24B41D2800F3C7E7 /* MyMobileRemoteUITests */ = {
			isa = PBXNativeTarget;
			buildConfigurationList = EF3069FE24B41D2800F3C7E7 /* Build configuration list for PBXNativeTarget "MyMobileRemoteUITests" */;
			buildPhases = (
				EF3069EB24B41D2800F3C7E7 /* Sources */,
				EF3069EC24B41D2800F3C7E7 /* Frameworks */,
				EF3069ED24B41D2800F3C7E7 /* Resources */,
			);
			buildRules = (
			);
			dependencies = (
				EF3069F124B41D2800F3C7E7 /* PBXTargetDependency */,
			);
			name = MyMobileRemoteUITests;
			productName = MyMobileRemoteUITests;
			productReference = EF3069EF24B41D2800F3C7E7 /* MyMobileRemoteUITests.xctest */;
			productType = "com.apple.product-type.bundle.ui-testing";
		};
/* End PBXNativeTarget section */

/* Begin PBXProject section */
		EF3069C624B41D2600F3C7E7 /* Project object */ = {
			isa = PBXProject;
			attributes = {
				LastSwiftUpdateCheck = 1210;
				LastUpgradeCheck = 1200;
				ORGANIZATIONNAME = "Alex DeMeo";
				TargetAttributes = {
					EF3069CD24B41D2600F3C7E7 = {
						CreatedOnToolsVersion = 11.5;
					};
					EF3069E324B41D2700F3C7E7 = {
						CreatedOnToolsVersion = 11.5;
						TestTargetID = EF3069CD24B41D2600F3C7E7;
					};
					EF3069EE24B41D2800F3C7E7 = {
						CreatedOnToolsVersion = 11.5;
						TestTargetID = EF3069CD24B41D2600F3C7E7;
					};
				};
			};
			buildConfigurationList = EF3069C924B41D2600F3C7E7 /* Build configuration list for PBXProject "MyMobileRemote" */;
			compatibilityVersion = "Xcode 9.3";
			developmentRegion = en;
			hasScannedForEncodings = 0;
			knownRegions = (
				en,
				Base,
			);
			mainGroup = EF3069C524B41D2600F3C7E7;
			productRefGroup = EF3069CF24B41D2600F3C7E7 /* Products */;
			projectDirPath = "";
			projectRoot = "";
			targets = (
				EF3069CD24B41D2600F3C7E7 /* MyMobileRemote */,
				EF3069E324B41D2700F3C7E7 /* MyMobileRemoteTests */,
				EF3069EE24B41D2800F3C7E7 /* MyMobileRemoteUITests */,
			);
		};
/* End PBXProject section */

/* Begin PBXResourcesBuildPhase section */
		EF3069CC24B41D2600F3C7E7 /* Resources */ = {
			isa = PBXResourcesBuildPhase;
			buildActionMask = 2147483647;
			files = (
				EF3069DE24B41D2700F3C7E7 /* LaunchScreen.storyboard in Resources */,
				EF3069DB24B41D2700F3C7E7 /* Preview Assets.xcassets in Resources */,
				EF306A0424B41D3D00F3C7E7 /* settings.json in Resources */,
				EF3069D824B41D2700F3C7E7 /* Assets.xcassets in Resources */,
			);
			runOnlyForDeploymentPostprocessing = 0;
		};
		EF3069E224B41D2700F3C7E7 /* Resources */ = {
			isa = PBXResourcesBuildPhase;
			buildActionMask = 2147483647;
			files = (
			);
			runOnlyForDeploymentPostprocessing = 0;
		};
		EF3069ED24B41D2800F3C7E7 /* Resources */ = {
			isa = PBXResourcesBuildPhase;
			buildActionMask = 2147483647;
			files = (
			);
			runOnlyForDeploymentPostprocessing = 0;
		};
/* End PBXResourcesBuildPhase section */

/* Begin PBXSourcesBuildPhase section */
		EF3069CA24B41D2600F3C7E7 /* Sources */ = {
			isa = PBXSourcesBuildPhase;
			buildActionMask = 2147483647;
			files = (
				EF7D2CE7252C1C7900E56AB2 /* CompStatus.swift in Sources */,
				EF306A2124B41DCE00F3C7E7 /* ContentViewRokuButtons.swift in Sources */,
				EFDB39A025775D5B005DB39A /* CompCoffee.swift in Sources */,
				EF7D2CED252C1CAF00E56AB2 /* RokuApp.swift in Sources */,
				EF1C6E192572271C00A85236 /* NetworkManager.swift in Sources */,
				EF306A0F24B41D4B00F3C7E7 /* Buttons.swift in Sources */,
				EF1C6E002572242800A85236 /* ContentViewRoku.swift in Sources */,
				EF28950024B426C2005E0CB8 /* AppDelegate.swift in Sources */,
				EF306A1124B41D4B00F3C7E7 /* RemoteTypes.swift in Sources */,
				EF3069D424B41D2600F3C7E7 /* SceneDelegate.swift in Sources */,
				EF7D2CE8252C1C7900E56AB2 /* CompTop.swift in Sources */,
				EFE67CB7257238340016EF74 /* CompRemotePicker.swift in Sources */,
				EF306A0D24B41D4B00F3C7E7 /* RemoteButton.swift in Sources */,
				EF7D2CE5252C1C7900E56AB2 /* CompRokuDevices.swift in Sources */,
				EF306A0524B41D3D00F3C7E7 /* Settings.swift in Sources */,
				EF7D2CE3252C1C7900E56AB2 /* CompGroupedView.swift in Sources */,
				EF306A1C24B41DCE00F3C7E7 /* ContentViewMain.swift in Sources */,
				EF7D2CF8252C2D8900E56AB2 /* CompKeyboardPanel.swift in Sources */,
				EF306A2224B41DCE00F3C7E7 /* ContentViewSettings.swift in Sources */,
				EF7D2CE4252C1C7900E56AB2 /* CompArrows.swift in Sources */,
				EF306A0E24B41D4B00F3C7E7 /* Constants.swift in Sources */,
				EF1C6E11257225E800A85236 /* ContentViewHome.swift in Sources */,
			);
			runOnlyForDeploymentPostprocessing = 0;
		};
		EF3069E024B41D2700F3C7E7 /* Sources */ = {
			isa = PBXSourcesBuildPhase;
			buildActionMask = 2147483647;
			files = (
				EF3069E924B41D2700F3C7E7 /* MyMobileRemoteTests.swift in Sources */,
			);
			runOnlyForDeploymentPostprocessing = 0;
		};
		EF3069EB24B41D2800F3C7E7 /* Sources */ = {
			isa = PBXSourcesBuildPhase;
			buildActionMask = 2147483647;
			files = (
				EF3069F424B41D2800F3C7E7 /* MyMobileRemoteUITests.swift in Sources */,
			);
			runOnlyForDeploymentPostprocessing = 0;
		};
/* End PBXSourcesBuildPhase section */

/* Begin PBXTargetDependency section */
		EF3069E624B41D2700F3C7E7 /* PBXTargetDependency */ = {
			isa = PBXTargetDependency;
			target = EF3069CD24B41D2600F3C7E7 /* MyMobileRemote */;
			targetProxy = EF3069E524B41D2700F3C7E7 /* PBXContainerItemProxy */;
		};
		EF3069F124B41D2800F3C7E7 /* PBXTargetDependency */ = {
			isa = PBXTargetDependency;
			target = EF3069CD24B41D2600F3C7E7 /* MyMobileRemote */;
			targetProxy = EF3069F024B41D2800F3C7E7 /* PBXContainerItemProxy */;
		};
/* End PBXTargetDependency section */

/* Begin PBXVariantGroup section */
		EF3069DC24B41D2700F3C7E7 /* LaunchScreen.storyboard */ = {
			isa = PBXVariantGroup;
			children = (
				EF3069DD24B41D2700F3C7E7 /* Base */,
			);
			name = LaunchScreen.storyboard;
			sourceTree = "<group>";
		};
/* End PBXVariantGroup section */

/* Begin XCBuildConfiguration section */
		EF3069F624B41D2800F3C7E7 /* Debug */ = {
			isa = XCBuildConfiguration;
			buildSettings = {
				ALWAYS_SEARCH_USER_PATHS = NO;
				CLANG_ANALYZER_NONNULL = YES;
				CLANG_ANALYZER_NUMBER_OBJECT_CONVERSION = YES_AGGRESSIVE;
				CLANG_CXX_LANGUAGE_STANDARD = "gnu++14";
				CLANG_CXX_LIBRARY = "libc++";
				CLANG_ENABLE_MODULES = YES;
				CLANG_ENABLE_OBJC_ARC = YES;
				CLANG_ENABLE_OBJC_WEAK = YES;
				CLANG_WARN_BLOCK_CAPTURE_AUTORELEASING = YES;
				CLANG_WARN_BOOL_CONVERSION = YES;
				CLANG_WARN_COMMA = YES;
				CLANG_WARN_CONSTANT_CONVERSION = YES;
				CLANG_WARN_DEPRECATED_OBJC_IMPLEMENTATIONS = YES;
				CLANG_WARN_DIRECT_OBJC_ISA_USAGE = YES_ERROR;
				CLANG_WARN_DOCUMENTATION_COMMENTS = YES;
				CLANG_WARN_EMPTY_BODY = YES;
				CLANG_WARN_ENUM_CONVERSION = YES;
				CLANG_WARN_INFINITE_RECURSION = YES;
				CLANG_WARN_INT_CONVERSION = YES;
				CLANG_WARN_NON_LITERAL_NULL_CONVERSION = YES;
				CLANG_WARN_OBJC_IMPLICIT_RETAIN_SELF = YES;
				CLANG_WARN_OBJC_LITERAL_CONVERSION = YES;
				CLANG_WARN_OBJC_ROOT_CLASS = YES_ERROR;
				CLANG_WARN_QUOTED_INCLUDE_IN_FRAMEWORK_HEADER = YES;
				CLANG_WARN_RANGE_LOOP_ANALYSIS = YES;
				CLANG_WARN_STRICT_PROTOTYPES = YES;
				CLANG_WARN_SUSPICIOUS_MOVE = YES;
				CLANG_WARN_UNGUARDED_AVAILABILITY = YES_AGGRESSIVE;
				CLANG_WARN_UNREACHABLE_CODE = YES;
				CLANG_WARN__DUPLICATE_METHOD_MATCH = YES;
				COPY_PHASE_STRIP = NO;
				DEBUG_INFORMATION_FORMAT = dwarf;
				ENABLE_STRICT_OBJC_MSGSEND = YES;
				ENABLE_TESTABILITY = YES;
				GCC_C_LANGUAGE_STANDARD = gnu11;
				GCC_DYNAMIC_NO_PIC = NO;
				GCC_NO_COMMON_BLOCKS = YES;
				GCC_OPTIMIZATION_LEVEL = 0;
				GCC_PREPROCESSOR_DEFINITIONS = (
					"DEBUG=1",
					"$(inherited)",
				);
				GCC_WARN_64_TO_32_BIT_CONVERSION = YES;
				GCC_WARN_ABOUT_RETURN_TYPE = YES_ERROR;
				GCC_WARN_UNDECLARED_SELECTOR = YES;
				GCC_WARN_UNINITIALIZED_AUTOS = YES_AGGRESSIVE;
				GCC_WARN_UNUSED_FUNCTION = YES;
				GCC_WARN_UNUSED_VARIABLE = YES;
				IPHONEOS_DEPLOYMENT_TARGET = 13.3;
				MTL_ENABLE_DEBUG_INFO = INCLUDE_SOURCE;
				MTL_FAST_MATH = YES;
				ONLY_ACTIVE_ARCH = YES;
				PRODUCT_NAME = R;
				SDKROOT = iphoneos;
				SWIFT_ACTIVE_COMPILATION_CONDITIONS = DEBUG;
				SWIFT_OPTIMIZATION_LEVEL = "-Onone";
			};
			name = Debug;
		};
		EF3069F724B41D2800F3C7E7 /* Release */ = {
			isa = XCBuildConfiguration;
			buildSettings = {
				ALWAYS_SEARCH_USER_PATHS = NO;
				CLANG_ANALYZER_NONNULL = YES;
				CLANG_ANALYZER_NUMBER_OBJECT_CONVERSION = YES_AGGRESSIVE;
				CLANG_CXX_LANGUAGE_STANDARD = "gnu++14";
				CLANG_CXX_LIBRARY = "libc++";
				CLANG_ENABLE_MODULES = YES;
				CLANG_ENABLE_OBJC_ARC = YES;
				CLANG_ENABLE_OBJC_WEAK = YES;
				CLANG_WARN_BLOCK_CAPTURE_AUTORELEASING = YES;
				CLANG_WARN_BOOL_CONVERSION = YES;
				CLANG_WARN_COMMA = YES;
				CLANG_WARN_CONSTANT_CONVERSION = YES;
				CLANG_WARN_DEPRECATED_OBJC_IMPLEMENTATIONS = YES;
				CLANG_WARN_DIRECT_OBJC_ISA_USAGE = YES_ERROR;
				CLANG_WARN_DOCUMENTATION_COMMENTS = YES;
				CLANG_WARN_EMPTY_BODY = YES;
				CLANG_WARN_ENUM_CONVERSION = YES;
				CLANG_WARN_INFINITE_RECURSION = YES;
				CLANG_WARN_INT_CONVERSION = YES;
				CLANG_WARN_NON_LITERAL_NULL_CONVERSION = YES;
				CLANG_WARN_OBJC_IMPLICIT_RETAIN_SELF = YES;
				CLANG_WARN_OBJC_LITERAL_CONVERSION = YES;
				CLANG_WARN_OBJC_ROOT_CLASS = YES_ERROR;
				CLANG_WARN_QUOTED_INCLUDE_IN_FRAMEWORK_HEADER = YES;
				CLANG_WARN_RANGE_LOOP_ANALYSIS = YES;
				CLANG_WARN_STRICT_PROTOTYPES = YES;
				CLANG_WARN_SUSPICIOUS_MOVE = YES;
				CLANG_WARN_UNGUARDED_AVAILABILITY = YES_AGGRESSIVE;
				CLANG_WARN_UNREACHABLE_CODE = YES;
				CLANG_WARN__DUPLICATE_METHOD_MATCH = YES;
				COPY_PHASE_STRIP = NO;
				DEBUG_INFORMATION_FORMAT = "dwarf-with-dsym";
				ENABLE_NS_ASSERTIONS = NO;
				ENABLE_STRICT_OBJC_MSGSEND = YES;
				GCC_C_LANGUAGE_STANDARD = gnu11;
				GCC_NO_COMMON_BLOCKS = YES;
				GCC_WARN_64_TO_32_BIT_CONVERSION = YES;
				GCC_WARN_ABOUT_RETURN_TYPE = YES_ERROR;
				GCC_WARN_UNDECLARED_SELECTOR = YES;
				GCC_WARN_UNINITIALIZED_AUTOS = YES_AGGRESSIVE;
				GCC_WARN_UNUSED_FUNCTION = YES;
				GCC_WARN_UNUSED_VARIABLE = YES;
				IPHONEOS_DEPLOYMENT_TARGET = 13.3;
				MTL_ENABLE_DEBUG_INFO = NO;
				MTL_FAST_MATH = YES;
				PRODUCT_NAME = R;
				SDKROOT = iphoneos;
				SWIFT_COMPILATION_MODE = wholemodule;
				SWIFT_OPTIMIZATION_LEVEL = "-O";
				VALIDATE_PRODUCT = YES;
			};
			name = Release;
		};
		EF3069F924B41D2800F3C7E7 /* Debug */ = {
			isa = XCBuildConfiguration;
			buildSettings = {
				ASSETCATALOG_COMPILER_APPICON_NAME = AppIcon;
				CODE_SIGN_STYLE = Automatic;
				DEVELOPMENT_ASSET_PATHS = "\"MyMobileRemote/Preview Content\"";
				DEVELOPMENT_TEAM = C6XMS929M4;
				ENABLE_PREVIEWS = YES;
				INFOPLIST_FILE = MyMobileRemote/Info.plist;
				IPHONEOS_DEPLOYMENT_TARGET = 14.1;
				LD_RUNPATH_SEARCH_PATHS = (
					"$(inherited)",
					"@executable_path/Frameworks",
				);
				PRODUCT_BUNDLE_IDENTIFIER = com.wheresthevolume.MyMobileRemote;
				PRODUCT_NAME = "$(TARGET_NAME)";
				SWIFT_VERSION = 5.0;
				TARGETED_DEVICE_FAMILY = "1,2";
			};
			name = Debug;
		};
		EF3069FA24B41D2800F3C7E7 /* Release */ = {
			isa = XCBuildConfiguration;
			buildSettings = {
				ASSETCATALOG_COMPILER_APPICON_NAME = AppIcon;
				CODE_SIGN_STYLE = Automatic;
				DEVELOPMENT_ASSET_PATHS = "\"MyMobileRemote/Preview Content\"";
				DEVELOPMENT_TEAM = C6XMS929M4;
				ENABLE_PREVIEWS = YES;
				INFOPLIST_FILE = MyMobileRemote/Info.plist;
				IPHONEOS_DEPLOYMENT_TARGET = 14.1;
				LD_RUNPATH_SEARCH_PATHS = (
					"$(inherited)",
					"@executable_path/Frameworks",
				);
				PRODUCT_BUNDLE_IDENTIFIER = com.wheresthevolume.MyMobileRemote;
				PRODUCT_NAME = "$(TARGET_NAME)";
				SWIFT_VERSION = 5.0;
				TARGETED_DEVICE_FAMILY = "1,2";
			};
			name = Release;
		};
		EF3069FC24B41D2800F3C7E7 /* Debug */ = {
			isa = XCBuildConfiguration;
			buildSettings = {
				ALWAYS_EMBED_SWIFT_STANDARD_LIBRARIES = YES;
				BUNDLE_LOADER = "$(TEST_HOST)";
				CODE_SIGN_STYLE = Automatic;
				INFOPLIST_FILE = MyMobileRemoteTests/Info.plist;
				IPHONEOS_DEPLOYMENT_TARGET = 13.5;
				LD_RUNPATH_SEARCH_PATHS = (
					"$(inherited)",
					"@executable_path/Frameworks",
					"@loader_path/Frameworks",
				);
				PRODUCT_BUNDLE_IDENTIFIER = com.wheresthevolume.MyMobileRemoteTests;
				PRODUCT_NAME = "$(TARGET_NAME)";
				SWIFT_VERSION = 5.0;
				TARGETED_DEVICE_FAMILY = "1,2";
				TEST_HOST = "$(BUILT_PRODUCTS_DIR)/MyMobileRemote.app/MyMobileRemote";
			};
			name = Debug;
		};
		EF3069FD24B41D2800F3C7E7 /* Release */ = {
			isa = XCBuildConfiguration;
			buildSettings = {
				ALWAYS_EMBED_SWIFT_STANDARD_LIBRARIES = YES;
				BUNDLE_LOADER = "$(TEST_HOST)";
				CODE_SIGN_STYLE = Automatic;
				INFOPLIST_FILE = MyMobileRemoteTests/Info.plist;
				IPHONEOS_DEPLOYMENT_TARGET = 13.5;
				LD_RUNPATH_SEARCH_PATHS = (
					"$(inherited)",
					"@executable_path/Frameworks",
					"@loader_path/Frameworks",
				);
				PRODUCT_BUNDLE_IDENTIFIER = com.wheresthevolume.MyMobileRemoteTests;
				PRODUCT_NAME = "$(TARGET_NAME)";
				SWIFT_VERSION = 5.0;
				TARGETED_DEVICE_FAMILY = "1,2";
				TEST_HOST = "$(BUILT_PRODUCTS_DIR)/MyMobileRemote.app/MyMobileRemote";
			};
			name = Release;
		};
		EF3069FF24B41D2800F3C7E7 /* Debug */ = {
			isa = XCBuildConfiguration;
			buildSettings = {
				ALWAYS_EMBED_SWIFT_STANDARD_LIBRARIES = YES;
				CODE_SIGN_STYLE = Automatic;
				INFOPLIST_FILE = MyMobileRemoteUITests/Info.plist;
				LD_RUNPATH_SEARCH_PATHS = (
					"$(inherited)",
					"@executable_path/Frameworks",
					"@loader_path/Frameworks",
				);
				PRODUCT_BUNDLE_IDENTIFIER = com.wheresthevolume.MyMobileRemoteUITests;
				PRODUCT_NAME = "$(TARGET_NAME)";
				SWIFT_VERSION = 5.0;
				TARGETED_DEVICE_FAMILY = "1,2";
				TEST_TARGET_NAME = MyMobileRemote;
			};
			name = Debug;
		};
		EF306A0024B41D2800F3C7E7 /* Release */ = {
			isa = XCBuildConfiguration;
			buildSettings = {
				ALWAYS_EMBED_SWIFT_STANDARD_LIBRARIES = YES;
				CODE_SIGN_STYLE = Automatic;
				INFOPLIST_FILE = MyMobileRemoteUITests/Info.plist;
				LD_RUNPATH_SEARCH_PATHS = (
					"$(inherited)",
					"@executable_path/Frameworks",
					"@loader_path/Frameworks",
				);
				PRODUCT_BUNDLE_IDENTIFIER = com.wheresthevolume.MyMobileRemoteUITests;
				PRODUCT_NAME = "$(TARGET_NAME)";
				SWIFT_VERSION = 5.0;
				TARGETED_DEVICE_FAMILY = "1,2";
				TEST_TARGET_NAME = MyMobileRemote;
			};
			name = Release;
		};
/* End XCBuildConfiguration section */

/* Begin XCConfigurationList section */
		EF3069C924B41D2600F3C7E7 /* Build configuration list for PBXProject "MyMobileRemote" */ = {
			isa = XCConfigurationList;
			buildConfigurations = (
				EF3069F624B41D2800F3C7E7 /* Debug */,
				EF3069F724B41D2800F3C7E7 /* Release */,
			);
			defaultConfigurationIsVisible = 0;
			defaultConfigurationName = Release;
		};
		EF3069F824B41D2800F3C7E7 /* Build configuration list for PBXNativeTarget "MyMobileRemote" */ = {
			isa = XCConfigurationList;
			buildConfigurations = (
				EF3069F924B41D2800F3C7E7 /* Debug */,
				EF3069FA24B41D2800F3C7E7 /* Release */,
			);
			defaultConfigurationIsVisible = 0;
			defaultConfigurationName = Release;
		};
		EF3069FB24B41D2800F3C7E7 /* Build configuration list for PBXNativeTarget "MyMobileRemoteTests" */ = {
			isa = XCConfigurationList;
			buildConfigurations = (
				EF3069FC24B41D2800F3C7E7 /* Debug */,
				EF3069FD24B41D2800F3C7E7 /* Release */,
			);
			defaultConfigurationIsVisible = 0;
			defaultConfigurationName = Release;
		};
		EF3069FE24B41D2800F3C7E7 /* Build configuration list for PBXNativeTarget "MyMobileRemoteUITests" */ = {
			isa = XCConfigurationList;
			buildConfigurations = (
				EF3069FF24B41D2800F3C7E7 /* Debug */,
				EF306A0024B41D2800F3C7E7 /* Release */,
			);
			defaultConfigurationIsVisible = 0;
			defaultConfigurationName = Release;
		};
/* End XCConfigurationList section */
	};
	rootObject = EF3069C624B41D2600F3C7E7 /* Project object */;
}
